
Microsoft Visual Studio Solution File, Format Version 12.00
# Visual Studio Version 16
VisualStudioVersion = 25.0.1703.5
MinimumVisualStudioVersion = 10.0.40219.1
Project("{FAE04EC0-301F-11D3-BF4B-00C04F79EFBC}") = "AksjeApp1", "AksjeApp1\AksjeApp1.csproj", "{B5299A7E-8007-454C-8487-9470748C85DF}"
EndProject
Global
	GlobalSection(SolutionConfigurationPlatforms) = preSolution
		Debug|Any CPU = Debug|Any CPU
		Release|Any CPU = Release|Any CPU
	EndGlobalSection
	GlobalSection(ProjectConfigurationPlatforms) = postSolution
		{B5299A7E-8007-454C-8487-9470748C85DF}.Debug|Any CPU.ActiveCfg = Debug|Any CPU
		{B5299A7E-8007-454C-8487-9470748C85DF}.Debug|Any CPU.Build.0 = Debug|Any CPU
		{B5299A7E-8007-454C-8487-9470748C85DF}.Release|Any CPU.ActiveCfg = Release|Any CPU
		{B5299A7E-8007-454C-8487-9470748C85DF}.Release|Any CPU.Build.0 = Release|Any CPU
	EndGlobalSection
	GlobalSection(SolutionProperties) = preSolution
		HideSolutionNode = FALSE
	EndGlobalSection
	GlobalSection(ExtensibilityGlobals) = postSolution
		SolutionGuid = {A52D1C9B-2466-4EF1-A222-92CB84DCDC65}
	EndGlobalSection
EndGlobal
